
Microsoft Visual Studio Solution File, Format Version 12.00
# Visual Studio Version 16
VisualStudioVersion = 16.0.30011.22
MinimumVisualStudioVersion = 10.0.40219.1
Project("{FAE04EC0-301F-11D3-BF4B-00C04F79EFBC}") = "IMU_Display", "IMU_Display\IMU_Display.csproj", "{7F5ABC64-6751-447D-B61B-0DB87B100FAA}"
EndProject
Global
	GlobalSection(SolutionConfigurationPlatforms) = preSolution
		Debug|Any CPU = Debug|Any CPU
		Release|Any CPU = Release|Any CPU
	EndGlobalSection
	GlobalSection(ProjectConfigurationPlatforms) = postSolution
		{7F5ABC64-6751-447D-B61B-0DB87B100FAA}.Debug|Any CPU.ActiveCfg = Debug|Any CPU
		{7F5ABC64-6751-447D-B61B-0DB87B100FAA}.Debug|Any CPU.Build.0 = Debug|Any CPU
		{7F5ABC64-6751-447D-B61B-0DB87B100FAA}.Release|Any CPU.ActiveCfg = Release|Any CPU
		{7F5ABC64-6751-447D-B61B-0DB87B100FAA}.Release|Any CPU.Build.0 = Release|Any CPU
	EndGlobalSection
	GlobalSection(SolutionProperties) = preSolution
		HideSolutionNode = FALSE
	EndGlobalSection
	GlobalSection(ExtensibilityGlobals) = postSolution
		SolutionGuid = {73F6EC47-E5B2-4445-87E9-1713286460D0}
	EndGlobalSection
EndGlobal
